# THIS IS AN AUTOGENERATED FILE. DO NOT EDIT THIS FILE DIRECTLY.
# yarn lockfile v1


"@subql/types@^0.10.0":
  version "0.10.0"
  resolved "https://registry.yarnpkg.com/@subql/types/-/types-0.10.0.tgz#289c58671a02a9b63f717eadb34faa17673d0f3c"
  integrity sha512-SqrDF6yp8F5UUEQWdKeSv5NMvLi0x8CIvNOuGRpKcS1dp4F8aDuXRue8c5iGkI4+zQGZlkwduE648LmnsQMXDQ==

dayjs@^1.10.7:
  version "1.10.7"
  resolved "https://registry.yarnpkg.com/dayjs/-/dayjs-1.10.7.tgz#2cf5f91add28116748440866a0a1d26f3a6ce468"
  integrity sha512-P6twpd70BcPK34K26uJ1KT3wlhpuOAPoMwJzpsIWUxHZ7wpmbdZL/hQqBDfz7hGurYSa5PhzdhDHtt319hL3ig==
